# THIS IS AN AUTOGENERATED FILE. DO NOT EDIT THIS FILE DIRECTLY.
# yarn lockfile v1


"@popeindustries/lit-html-server@^0.14.4":
  version "0.14.4"
  resolved "https://registry.yarnpkg.com/@popeindustries/lit-html-server/-/lit-html-server-0.14.4.tgz#df28905c04e1bf9c393e4b974c2e3eebb033e100"
  integrity sha512-lrLLRUH/4NCncVwdkR2lvYUSC44g9uAOjGDcPcw4t1ToDIPCFKN0ZxZVehvpMn4LnFZo41J75wVwETMIoi7YRQ==

node-fetch@^2.3.0:
  version "2.3.0"
  resolved "https://registry.yarnpkg.com/node-fetch/-/node-fetch-2.3.0.tgz#1a1d940bbfb916a1d3e0219f037e89e71f8c5fa5"
  integrity sha512-MOd8pV3fxENbryESLgVIeaGKrdl+uaYhCSSVkjeOb/31/njTpcis5aWfdqgNlHIrKOLRbMnfPINPOML2CIFeXA==
